
Microsoft Visual Studio Solution File, Format Version 12.00
# Visual Studio Version 17
VisualStudioVersion = 17.0.32002.185
MinimumVisualStudioVersion = 10.0.40219.1
Project("{9A19103F-16F7-4668-BE54-9A1E7A4F7556}") = "AOCCore", "AOCCore\AOCCore.csproj", "{3FE2FC6A-3743-4DE6-A6E4-CA3A8A2226FA}"
EndProject
Project("{2150E333-8FDC-42A3-9474-1A3956D46DE8}") = "Solution Items", "Solution Items", "{B03D68A0-BFB2-4353-A9E6-CC890237DCD3}"
	ProjectSection(SolutionItems) = preProject
		.editorconfig = .editorconfig
	EndProjectSection
EndProject
Global
	GlobalSection(SolutionConfigurationPlatforms) = preSolution
		Debug|Any CPU = Debug|Any CPU
		Debug|x64 = Debug|x64
		Release|Any CPU = Release|Any CPU
		Release|x64 = Release|x64
	EndGlobalSection
	GlobalSection(ProjectConfigurationPlatforms) = postSolution
		{3FE2FC6A-3743-4DE6-A6E4-CA3A8A2226FA}.Debug|Any CPU.ActiveCfg = Debug|Any CPU
		{3FE2FC6A-3743-4DE6-A6E4-CA3A8A2226FA}.Debug|Any CPU.Build.0 = Debug|Any CPU
		{3FE2FC6A-3743-4DE6-A6E4-CA3A8A2226FA}.Debug|x64.ActiveCfg = Debug|x64
		{3FE2FC6A-3743-4DE6-A6E4-CA3A8A2226FA}.Debug|x64.Build.0 = Debug|x64
		{3FE2FC6A-3743-4DE6-A6E4-CA3A8A2226FA}.Release|Any CPU.ActiveCfg = Release|Any CPU
		{3FE2FC6A-3743-4DE6-A6E4-CA3A8A2226FA}.Release|Any CPU.Build.0 = Release|Any CPU
		{3FE2FC6A-3743-4DE6-A6E4-CA3A8A2226FA}.Release|x64.ActiveCfg = Release|x64
		{3FE2FC6A-3743-4DE6-A6E4-CA3A8A2226FA}.Release|x64.Build.0 = Release|x64
	EndGlobalSection
	GlobalSection(SolutionProperties) = preSolution
		HideSolutionNode = FALSE
	EndGlobalSection
	GlobalSection(ExtensibilityGlobals) = postSolution
		SolutionGuid = {CE5D23DB-D752-4B8A-AE82-D46A471B5ABB}
	EndGlobalSection
EndGlobal
