
Microsoft Visual Studio Solution File, Format Version 12.00
# Visual Studio Version 17
VisualStudioVersion = 17.0.32002.185
MinimumVisualStudioVersion = 10.0.40219.1
Project("{FAE04EC0-301F-11D3-BF4B-00C04F79EFBC}") = "AOCCore", "AOCCore\AOCCore.csproj", "{3FE2FC6A-3743-4DE6-A6E4-CA3A8A2226FA}"
EndProject
Global
	GlobalSection(SolutionConfigurationPlatforms) = preSolution
		Debug|Any CPU = Debug|Any CPU
		Release|Any CPU = Release|Any CPU
	EndGlobalSection
	GlobalSection(ProjectConfigurationPlatforms) = postSolution
		{3FE2FC6A-3743-4DE6-A6E4-CA3A8A2226FA}.Debug|Any CPU.ActiveCfg = Debug|Any CPU
		{3FE2FC6A-3743-4DE6-A6E4-CA3A8A2226FA}.Debug|Any CPU.Build.0 = Debug|Any CPU
		{3FE2FC6A-3743-4DE6-A6E4-CA3A8A2226FA}.Release|Any CPU.ActiveCfg = Release|Any CPU
		{3FE2FC6A-3743-4DE6-A6E4-CA3A8A2226FA}.Release|Any CPU.Build.0 = Release|Any CPU
	EndGlobalSection
	GlobalSection(SolutionProperties) = preSolution
		HideSolutionNode = FALSE
	EndGlobalSection
	GlobalSection(ExtensibilityGlobals) = postSolution
		SolutionGuid = {CE5D23DB-D752-4B8A-AE82-D46A471B5ABB}
	EndGlobalSection
EndGlobal
